
Microsoft Visual Studio Solution File, Format Version 12.00
# Visual Studio Version 16
VisualStudioVersion = 16.0.32901.82
MinimumVisualStudioVersion = 10.0.40219.1
Project("{FAE04EC0-301F-11D3-BF4B-00C04F79EFBC}") = "坦克大战1", "坦克大战1\坦克大战1.csproj", "{82FC5522-839A-436D-9D33-E6F8DC69FED5}"
EndProject
Project("{FAE04EC0-301F-11D3-BF4B-00C04F79EFBC}") = "Tanks", "Tanks\Tanks.csproj", "{1E874378-ECEF-494E-A8CC-6B2AEE694D94}"
EndProject
Global
	GlobalSection(SolutionConfigurationPlatforms) = preSolution
		Debug|Any CPU = Debug|Any CPU
		Release|Any CPU = Release|Any CPU
	EndGlobalSection
	GlobalSection(ProjectConfigurationPlatforms) = postSolution
		{82FC5522-839A-436D-9D33-E6F8DC69FED5}.Debug|Any CPU.ActiveCfg = Debug|Any CPU
		{82FC5522-839A-436D-9D33-E6F8DC69FED5}.Debug|Any CPU.Build.0 = Debug|Any CPU
		{82FC5522-839A-436D-9D33-E6F8DC69FED5}.Release|Any CPU.ActiveCfg = Release|Any CPU
		{82FC5522-839A-436D-9D33-E6F8DC69FED5}.Release|Any CPU.Build.0 = Release|Any CPU
		{1E874378-ECEF-494E-A8CC-6B2AEE694D94}.Debug|Any CPU.ActiveCfg = Debug|Any CPU
		{1E874378-ECEF-494E-A8CC-6B2AEE694D94}.Debug|Any CPU.Build.0 = Debug|Any CPU
		{1E874378-ECEF-494E-A8CC-6B2AEE694D94}.Release|Any CPU.ActiveCfg = Release|Any CPU
		{1E874378-ECEF-494E-A8CC-6B2AEE694D94}.Release|Any CPU.Build.0 = Release|Any CPU
	EndGlobalSection
	GlobalSection(SolutionProperties) = preSolution
		HideSolutionNode = FALSE
	EndGlobalSection
	GlobalSection(ExtensibilityGlobals) = postSolution
		SolutionGuid = {43322868-B8FB-4897-95FE-FD6D5A65C9B2}
	EndGlobalSection
EndGlobal
